
Microsoft Visual Studio Solution File, Format Version 12.00
# Visual Studio Version 17
VisualStudioVersion = 17.0.32126.317
MinimumVisualStudioVersion = 10.0.40219.1
Project("{9A19103F-16F7-4668-BE54-9A1E7A4F7556}") = "OceansAppWeb", "OceansAppWeb\OceansAppWeb.csproj", "{F5EDDC0E-2371-448D-BB8A-D9FAA97317AA}"
EndProject
Project("{9A19103F-16F7-4668-BE54-9A1E7A4F7556}") = "OceansApp.Utility", "OceansApp.Utility\OceansApp.Utility.csproj", "{7F535B88-B043-4A40-A033-0D3DB1DBF4BE}"
EndProject
Project("{9A19103F-16F7-4668-BE54-9A1E7A4F7556}") = "OceansApp.DataAccess", "OceansApp.DataAccess\OceansApp.DataAccess.csproj", "{CFE555C3-994E-489F-A3E5-1FD387EC1E34}"
EndProject
Project("{9A19103F-16F7-4668-BE54-9A1E7A4F7556}") = "OceansApp.Models", "OceansApp.Models\OceansApp.Models.csproj", "{F5CB6974-13D6-4F55-84DB-BB662BAEEEEB}"
EndProject
Project("{9A19103F-16F7-4668-BE54-9A1E7A4F7556}") = "AzureFunctionsApp", "AzureFunctionsApp\AzureFunctionsApp.csproj", "{2F863F5F-7985-4247-B0CB-1E47E27B277F}"
EndProject
Project("{FAE04EC0-301F-11D3-BF4B-00C04F79EFBC}") = "OceansApp.Tests", "OceansApp.Tests\OceansApp.Tests.csproj", "{4C7854EC-1CBD-4B63-806A-CCFB31D8532A}"
EndProject
Global
	GlobalSection(SolutionConfigurationPlatforms) = preSolution
		Debug|Any CPU = Debug|Any CPU
		Release|Any CPU = Release|Any CPU
	EndGlobalSection
	GlobalSection(ProjectConfigurationPlatforms) = postSolution
		{F5EDDC0E-2371-448D-BB8A-D9FAA97317AA}.Debug|Any CPU.ActiveCfg = Debug|Any CPU
		{F5EDDC0E-2371-448D-BB8A-D9FAA97317AA}.Debug|Any CPU.Build.0 = Debug|Any CPU
		{F5EDDC0E-2371-448D-BB8A-D9FAA97317AA}.Release|Any CPU.ActiveCfg = Release|Any CPU
		{F5EDDC0E-2371-448D-BB8A-D9FAA97317AA}.Release|Any CPU.Build.0 = Release|Any CPU
		{7F535B88-B043-4A40-A033-0D3DB1DBF4BE}.Debug|Any CPU.ActiveCfg = Debug|Any CPU
		{7F535B88-B043-4A40-A033-0D3DB1DBF4BE}.Debug|Any CPU.Build.0 = Debug|Any CPU
		{7F535B88-B043-4A40-A033-0D3DB1DBF4BE}.Release|Any CPU.ActiveCfg = Release|Any CPU
		{7F535B88-B043-4A40-A033-0D3DB1DBF4BE}.Release|Any CPU.Build.0 = Release|Any CPU
		{CFE555C3-994E-489F-A3E5-1FD387EC1E34}.Debug|Any CPU.ActiveCfg = Debug|Any CPU
		{CFE555C3-994E-489F-A3E5-1FD387EC1E34}.Debug|Any CPU.Build.0 = Debug|Any CPU
		{CFE555C3-994E-489F-A3E5-1FD387EC1E34}.Release|Any CPU.ActiveCfg = Release|Any CPU
		{CFE555C3-994E-489F-A3E5-1FD387EC1E34}.Release|Any CPU.Build.0 = Release|Any CPU
		{F5CB6974-13D6-4F55-84DB-BB662BAEEEEB}.Debug|Any CPU.ActiveCfg = Debug|Any CPU
		{F5CB6974-13D6-4F55-84DB-BB662BAEEEEB}.Debug|Any CPU.Build.0 = Debug|Any CPU
		{F5CB6974-13D6-4F55-84DB-BB662BAEEEEB}.Release|Any CPU.ActiveCfg = Release|Any CPU
		{F5CB6974-13D6-4F55-84DB-BB662BAEEEEB}.Release|Any CPU.Build.0 = Release|Any CPU
		{2F863F5F-7985-4247-B0CB-1E47E27B277F}.Debug|Any CPU.ActiveCfg = Debug|Any CPU
		{2F863F5F-7985-4247-B0CB-1E47E27B277F}.Debug|Any CPU.Build.0 = Debug|Any CPU
		{2F863F5F-7985-4247-B0CB-1E47E27B277F}.Release|Any CPU.ActiveCfg = Release|Any CPU
		{2F863F5F-7985-4247-B0CB-1E47E27B277F}.Release|Any CPU.Build.0 = Release|Any CPU
		{4C7854EC-1CBD-4B63-806A-CCFB31D8532A}.Debug|Any CPU.ActiveCfg = Debug|Any CPU
		{4C7854EC-1CBD-4B63-806A-CCFB31D8532A}.Debug|Any CPU.Build.0 = Debug|Any CPU
		{4C7854EC-1CBD-4B63-806A-CCFB31D8532A}.Release|Any CPU.ActiveCfg = Release|Any CPU
		{4C7854EC-1CBD-4B63-806A-CCFB31D8532A}.Release|Any CPU.Build.0 = Release|Any CPU
	EndGlobalSection
	GlobalSection(SolutionProperties) = preSolution
		HideSolutionNode = FALSE
	EndGlobalSection
	GlobalSection(ExtensibilityGlobals) = postSolution
		SolutionGuid = {CF2DBC5F-E103-4672-8222-D1B433A74FC9}
	EndGlobalSection
EndGlobal
