
Microsoft Visual Studio Solution File, Format Version 12.00
# Visual Studio Version 17
VisualStudioVersion = 17.0.32126.317
MinimumVisualStudioVersion = 10.0.40219.1
Project("{FAE04EC0-301F-11D3-BF4B-00C04F79EFBC}") = "OceansAppWeb", "OceansAppWeb\OceansAppWeb.csproj", "{F5EDDC0E-2371-448D-BB8A-D9FAA97317AA}"
EndProject
Global
	GlobalSection(SolutionConfigurationPlatforms) = preSolution
		Debug|Any CPU = Debug|Any CPU
		Release|Any CPU = Release|Any CPU
	EndGlobalSection
	GlobalSection(ProjectConfigurationPlatforms) = postSolution
		{F5EDDC0E-2371-448D-BB8A-D9FAA97317AA}.Debug|Any CPU.ActiveCfg = Debug|Any CPU
		{F5EDDC0E-2371-448D-BB8A-D9FAA97317AA}.Debug|Any CPU.Build.0 = Debug|Any CPU
		{F5EDDC0E-2371-448D-BB8A-D9FAA97317AA}.Release|Any CPU.ActiveCfg = Release|Any CPU
		{F5EDDC0E-2371-448D-BB8A-D9FAA97317AA}.Release|Any CPU.Build.0 = Release|Any CPU
	EndGlobalSection
	GlobalSection(SolutionProperties) = preSolution
		HideSolutionNode = FALSE
	EndGlobalSection
	GlobalSection(ExtensibilityGlobals) = postSolution
		SolutionGuid = {CF2DBC5F-E103-4672-8222-D1B433A74FC9}
	EndGlobalSection
EndGlobal
